
Microsoft Visual Studio Solution File, Format Version 12.00
# Visual Studio 15
Project("{FAE04EC0-301F-11D3-BF4B-00C04F79EFBC}") = "FHIR.Utils.FindDuplicateIDs", "FHIR.Utils.FindDuplicateIDs\FHIR.Utils.FindDuplicateIDs.csproj", "{4C86429F-21B5-46FB-AC53-4EBE602CCF4A}"
EndProject
Global
	GlobalSection(SolutionConfigurationPlatforms) = preSolution
		Debug|Any CPU = Debug|Any CPU
		Release|Any CPU = Release|Any CPU
	EndGlobalSection
	GlobalSection(ProjectConfigurationPlatforms) = postSolution
		{4C86429F-21B5-46FB-AC53-4EBE602CCF4A}.Debug|Any CPU.ActiveCfg = Debug|Any CPU
		{4C86429F-21B5-46FB-AC53-4EBE602CCF4A}.Debug|Any CPU.Build.0 = Debug|Any CPU
		{4C86429F-21B5-46FB-AC53-4EBE602CCF4A}.Release|Any CPU.ActiveCfg = Release|Any CPU
		{4C86429F-21B5-46FB-AC53-4EBE602CCF4A}.Release|Any CPU.Build.0 = Release|Any CPU
	EndGlobalSection
EndGlobal
